PODS:
  - Flutter (1.0.0)
  - flutter_embedding_addon (0.0.1):
    - Flutter

DEPENDENCIES:
  - Flutter (from `Flutter`)
  - flutter_embedding_addon (from `.symlinks/plugins/flutter_embedding_addon/ios`)

EXTERNAL SOURCES:
  Flutter:
    :path: Flutter
  flutter_embedding_addon:
    :path: ".symlinks/plugins/flutter_embedding_addon/ios"

SPEC CHECKSUMS:
  Flutter: 0e3d915762c693b495b44d77113d4970485de6ec
  flutter_embedding_addon: e1beee2f71dfc26c88760d11c97f118f8972920d

PODFILE CHECKSUM: 1b66dae606f75376c5f2135a8290850eeb09ae83

COCOAPODS: 1.8.4
